
Microsoft Visual Studio Solution File, Format Version 12.00
# Visual Studio 15
VisualStudioVersion = 15.0.27004.2006
MinimumVisualStudioVersion = 10.0.40219.1
Project("{2150E333-8FDC-42A3-9474-1A3956D46DE8}") = "PPT", "PPT", "{1D904BA9-D13A-4C4B-AD45-6A254AF3FE4B}"
	ProjectSection(SolutionItems) = preProject
		PPT\asp.net core(一).pptx = PPT\asp.net core(一).pptx
		PPT\asp.net core(三).pptx = PPT\asp.net core(三).pptx
		PPT\asp.net core(二).pptx = PPT\asp.net core(二).pptx
	EndProjectSection
EndProject
Project("{9A19103F-16F7-4668-BE54-9A1E7A4F7556}") = "PermissionDemo", "PermissionDemo\PermissionDemo.csproj", "{CDF94D98-51E1-412D-BC6F-2A2967F2C08C}"
EndProject
Project("{9A19103F-16F7-4668-BE54-9A1E7A4F7556}") = "PermissionMiddlewareDemo", "PermissionMiddlewareDemo\PermissionMiddlewareDemo.csproj", "{2B04F810-6B0B-4EED-8854-71312E3ADB15}"
EndProject
Project("{9A19103F-16F7-4668-BE54-9A1E7A4F7556}") = "EFSqlDemo", "EFSqlDemo\EFSqlDemo.csproj", "{71796B59-FFB4-4008-8393-D68F3A96DA1C}"
EndProject
Global
	GlobalSection(SolutionConfigurationPlatforms) = preSolution
		Debug|Any CPU = Debug|Any CPU
		Release|Any CPU = Release|Any CPU
	EndGlobalSection
	GlobalSection(ProjectConfigurationPlatforms) = postSolution
		{CDF94D98-51E1-412D-BC6F-2A2967F2C08C}.Debug|Any CPU.ActiveCfg = Debug|Any CPU
		{CDF94D98-51E1-412D-BC6F-2A2967F2C08C}.Debug|Any CPU.Build.0 = Debug|Any CPU
		{CDF94D98-51E1-412D-BC6F-2A2967F2C08C}.Release|Any CPU.ActiveCfg = Release|Any CPU
		{CDF94D98-51E1-412D-BC6F-2A2967F2C08C}.Release|Any CPU.Build.0 = Release|Any CPU
		{2B04F810-6B0B-4EED-8854-71312E3ADB15}.Debug|Any CPU.ActiveCfg = Debug|Any CPU
		{2B04F810-6B0B-4EED-8854-71312E3ADB15}.Debug|Any CPU.Build.0 = Debug|Any CPU
		{2B04F810-6B0B-4EED-8854-71312E3ADB15}.Release|Any CPU.ActiveCfg = Release|Any CPU
		{2B04F810-6B0B-4EED-8854-71312E3ADB15}.Release|Any CPU.Build.0 = Release|Any CPU
		{71796B59-FFB4-4008-8393-D68F3A96DA1C}.Debug|Any CPU.ActiveCfg = Debug|Any CPU
		{71796B59-FFB4-4008-8393-D68F3A96DA1C}.Debug|Any CPU.Build.0 = Debug|Any CPU
		{71796B59-FFB4-4008-8393-D68F3A96DA1C}.Release|Any CPU.ActiveCfg = Release|Any CPU
		{71796B59-FFB4-4008-8393-D68F3A96DA1C}.Release|Any CPU.Build.0 = Release|Any CPU
	EndGlobalSection
	GlobalSection(SolutionProperties) = preSolution
		HideSolutionNode = FALSE
	EndGlobalSection
	GlobalSection(ExtensibilityGlobals) = postSolution
		SolutionGuid = {5F9DD074-D713-4B2B-B328-553FFED0F4AA}
	EndGlobalSection
EndGlobal
