
Microsoft Visual Studio Solution File, Format Version 12.00
# Visual Studio 15
VisualStudioVersion = 15.0.27004.2009
MinimumVisualStudioVersion = 10.0.40219.1
Project("{2150E333-8FDC-42A3-9474-1A3956D46DE8}") = "PPT", "PPT", "{1D904BA9-D13A-4C4B-AD45-6A254AF3FE4B}"
	ProjectSection(SolutionItems) = preProject
		PPT\asp.net core(一)概述.pptx = PPT\asp.net core(一)概述.pptx
		PPT\asp.net core(三)ORM.pptx = PPT\asp.net core(三)ORM.pptx
		PPT\asp.net core(二)依赖注入和中间件.pptx = PPT\asp.net core(二)依赖注入和中间件.pptx
		PPT\asp.net core(五)单元测试.pptx = PPT\asp.net core(五)单元测试.pptx
		PPT\asp.net core(四)权限管理.pptx = PPT\asp.net core(四)权限管理.pptx
	EndProjectSection
EndProject
Project("{9A19103F-16F7-4668-BE54-9A1E7A4F7556}") = "PermissionDemo", "PermissionDemo\PermissionDemo.csproj", "{CDF94D98-51E1-412D-BC6F-2A2967F2C08C}"
EndProject
Project("{9A19103F-16F7-4668-BE54-9A1E7A4F7556}") = "PermissionMiddlewareDemo", "PermissionMiddlewareDemo\PermissionMiddlewareDemo.csproj", "{2B04F810-6B0B-4EED-8854-71312E3ADB15}"
EndProject
Project("{FAE04EC0-301F-11D3-BF4B-00C04F79EFBC}") = "EFCoreSqlDemo", "EFCoreSqlDemo\EFCoreSqlDemo.csproj", "{24131113-5343-4D5E-B671-95722328889F}"
EndProject
Project("{FAE04EC0-301F-11D3-BF4B-00C04F79EFBC}") = "EFCoreSqlDemo01", "EFCoreSqlDemo01\EFCoreSqlDemo01.csproj", "{267FD579-D7BB-437D-9D0B-120EEB4F700B}"
EndProject
Project("{FAE04EC0-301F-11D3-BF4B-00C04F79EFBC}") = "EFCoreSqliteDemo", "EFCoreSqliteDemo\EFCoreSqliteDemo.csproj", "{FA63EAAD-5E97-4F95-89E3-3D0BF37A7EF8}"
EndProject
Project("{9A19103F-16F7-4668-BE54-9A1E7A4F7556}") = "DapperDemo", "DapperDemo\DapperDemo.csproj", "{3CA24A17-ED75-4056-9162-DDA1B93D0F78}"
EndProject
Project("{9A19103F-16F7-4668-BE54-9A1E7A4F7556}") = "TestProject", "TestProject\TestProject.csproj", "{5677E0BA-107D-4868-97DE-52CA5ED21B2D}"
EndProject
Project("{9A19103F-16F7-4668-BE54-9A1E7A4F7556}") = "TestProject.XUnitTest", "TestProject.XUnitTest\TestProject.XUnitTest.csproj", "{4DBA610C-128B-44BF-8EA8-97D4EE4C84DD}"
EndProject
Project("{9A19103F-16F7-4668-BE54-9A1E7A4F7556}") = "MoqEFCoreExtension", "MoqEFCoreExtension\MoqEFCoreExtension.csproj", "{7E2E03A1-7A21-4AB8-BDB1-5AD7AA24D45A}"
EndProject
Project("{2150E333-8FDC-42A3-9474-1A3956D46DE8}") = "asp.net core课程资料", "asp.net core课程资料", "{758372BB-17F1-4EFC-A1D7-F421B0AC8C61}"
EndProject
Project("{2150E333-8FDC-42A3-9474-1A3956D46DE8}") = "asp.net core项目课程资料", "asp.net core项目课程资料", "{F4EC96F5-017B-484D-A4F4-CAC7C753F7AD}"
EndProject
Project("{9A19103F-16F7-4668-BE54-9A1E7A4F7556}") = "Working", "Working\Working.csproj", "{919BE861-FA27-481C-922C-285C5F5314F0}"
EndProject
Project("{9A19103F-16F7-4668-BE54-9A1E7A4F7556}") = "Working.XUnitTest", "Working.XUnitTest\Working.XUnitTest.csproj", "{CC6D1C6B-9768-4632-8A16-FE3A1D053EF0}"
EndProject
Project("{2150E333-8FDC-42A3-9474-1A3956D46DE8}") = "PPT", "PPT", "{D00F9CB8-10DE-49FA-8CE6-5ACB62871B8F}"
	ProjectSection(SolutionItems) = preProject
		PPT\asp.net core2.0项目实战.pptx = PPT\asp.net core2.0项目实战.pptx
	EndProjectSection
EndProject
Project("{9A19103F-16F7-4668-BE54-9A1E7A4F7556}") = "DotNetCore.Moq.Dapper", "DotNetCore.Moq.Dapper\DotNetCore.Moq.Dapper.csproj", "{FA7D4BA9-4870-4F1D-B51C-E13CBE79F051}"
EndProject
Global
	GlobalSection(SolutionConfigurationPlatforms) = preSolution
		Debug|Any CPU = Debug|Any CPU
		Release|Any CPU = Release|Any CPU
	EndGlobalSection
	GlobalSection(ProjectConfigurationPlatforms) = postSolution
		{CDF94D98-51E1-412D-BC6F-2A2967F2C08C}.Debug|Any CPU.ActiveCfg = Debug|Any CPU
		{CDF94D98-51E1-412D-BC6F-2A2967F2C08C}.Debug|Any CPU.Build.0 = Debug|Any CPU
		{CDF94D98-51E1-412D-BC6F-2A2967F2C08C}.Release|Any CPU.ActiveCfg = Release|Any CPU
		{CDF94D98-51E1-412D-BC6F-2A2967F2C08C}.Release|Any CPU.Build.0 = Release|Any CPU
		{2B04F810-6B0B-4EED-8854-71312E3ADB15}.Debug|Any CPU.ActiveCfg = Debug|Any CPU
		{2B04F810-6B0B-4EED-8854-71312E3ADB15}.Debug|Any CPU.Build.0 = Debug|Any CPU
		{2B04F810-6B0B-4EED-8854-71312E3ADB15}.Release|Any CPU.ActiveCfg = Release|Any CPU
		{2B04F810-6B0B-4EED-8854-71312E3ADB15}.Release|Any CPU.Build.0 = Release|Any CPU
		{24131113-5343-4D5E-B671-95722328889F}.Debug|Any CPU.ActiveCfg = Debug|Any CPU
		{24131113-5343-4D5E-B671-95722328889F}.Debug|Any CPU.Build.0 = Debug|Any CPU
		{24131113-5343-4D5E-B671-95722328889F}.Release|Any CPU.ActiveCfg = Release|Any CPU
		{24131113-5343-4D5E-B671-95722328889F}.Release|Any CPU.Build.0 = Release|Any CPU
		{267FD579-D7BB-437D-9D0B-120EEB4F700B}.Debug|Any CPU.ActiveCfg = Debug|Any CPU
		{267FD579-D7BB-437D-9D0B-120EEB4F700B}.Debug|Any CPU.Build.0 = Debug|Any CPU
		{267FD579-D7BB-437D-9D0B-120EEB4F700B}.Release|Any CPU.ActiveCfg = Release|Any CPU
		{267FD579-D7BB-437D-9D0B-120EEB4F700B}.Release|Any CPU.Build.0 = Release|Any CPU
		{FA63EAAD-5E97-4F95-89E3-3D0BF37A7EF8}.Debug|Any CPU.ActiveCfg = Debug|Any CPU
		{FA63EAAD-5E97-4F95-89E3-3D0BF37A7EF8}.Debug|Any CPU.Build.0 = Debug|Any CPU
		{FA63EAAD-5E97-4F95-89E3-3D0BF37A7EF8}.Release|Any CPU.ActiveCfg = Release|Any CPU
		{FA63EAAD-5E97-4F95-89E3-3D0BF37A7EF8}.Release|Any CPU.Build.0 = Release|Any CPU
		{3CA24A17-ED75-4056-9162-DDA1B93D0F78}.Debug|Any CPU.ActiveCfg = Debug|Any CPU
		{3CA24A17-ED75-4056-9162-DDA1B93D0F78}.Debug|Any CPU.Build.0 = Debug|Any CPU
		{3CA24A17-ED75-4056-9162-DDA1B93D0F78}.Release|Any CPU.ActiveCfg = Release|Any CPU
		{3CA24A17-ED75-4056-9162-DDA1B93D0F78}.Release|Any CPU.Build.0 = Release|Any CPU
		{5677E0BA-107D-4868-97DE-52CA5ED21B2D}.Debug|Any CPU.ActiveCfg = Debug|Any CPU
		{5677E0BA-107D-4868-97DE-52CA5ED21B2D}.Debug|Any CPU.Build.0 = Debug|Any CPU
		{5677E0BA-107D-4868-97DE-52CA5ED21B2D}.Release|Any CPU.ActiveCfg = Release|Any CPU
		{5677E0BA-107D-4868-97DE-52CA5ED21B2D}.Release|Any CPU.Build.0 = Release|Any CPU
		{4DBA610C-128B-44BF-8EA8-97D4EE4C84DD}.Debug|Any CPU.ActiveCfg = Debug|Any CPU
		{4DBA610C-128B-44BF-8EA8-97D4EE4C84DD}.Debug|Any CPU.Build.0 = Debug|Any CPU
		{4DBA610C-128B-44BF-8EA8-97D4EE4C84DD}.Release|Any CPU.ActiveCfg = Release|Any CPU
		{4DBA610C-128B-44BF-8EA8-97D4EE4C84DD}.Release|Any CPU.Build.0 = Release|Any CPU
		{7E2E03A1-7A21-4AB8-BDB1-5AD7AA24D45A}.Debug|Any CPU.ActiveCfg = Debug|Any CPU
		{7E2E03A1-7A21-4AB8-BDB1-5AD7AA24D45A}.Debug|Any CPU.Build.0 = Debug|Any CPU
		{7E2E03A1-7A21-4AB8-BDB1-5AD7AA24D45A}.Release|Any CPU.ActiveCfg = Release|Any CPU
		{7E2E03A1-7A21-4AB8-BDB1-5AD7AA24D45A}.Release|Any CPU.Build.0 = Release|Any CPU
		{919BE861-FA27-481C-922C-285C5F5314F0}.Debug|Any CPU.ActiveCfg = Debug|Any CPU
		{919BE861-FA27-481C-922C-285C5F5314F0}.Debug|Any CPU.Build.0 = Debug|Any CPU
		{919BE861-FA27-481C-922C-285C5F5314F0}.Release|Any CPU.ActiveCfg = Release|Any CPU
		{919BE861-FA27-481C-922C-285C5F5314F0}.Release|Any CPU.Build.0 = Release|Any CPU
		{CC6D1C6B-9768-4632-8A16-FE3A1D053EF0}.Debug|Any CPU.ActiveCfg = Debug|Any CPU
		{CC6D1C6B-9768-4632-8A16-FE3A1D053EF0}.Debug|Any CPU.Build.0 = Debug|Any CPU
		{CC6D1C6B-9768-4632-8A16-FE3A1D053EF0}.Release|Any CPU.ActiveCfg = Release|Any CPU
		{CC6D1C6B-9768-4632-8A16-FE3A1D053EF0}.Release|Any CPU.Build.0 = Release|Any CPU
		{FA7D4BA9-4870-4F1D-B51C-E13CBE79F051}.Debug|Any CPU.ActiveCfg = Debug|Any CPU
		{FA7D4BA9-4870-4F1D-B51C-E13CBE79F051}.Debug|Any CPU.Build.0 = Debug|Any CPU
		{FA7D4BA9-4870-4F1D-B51C-E13CBE79F051}.Release|Any CPU.ActiveCfg = Release|Any CPU
		{FA7D4BA9-4870-4F1D-B51C-E13CBE79F051}.Release|Any CPU.Build.0 = Release|Any CPU
	EndGlobalSection
	GlobalSection(SolutionProperties) = preSolution
		HideSolutionNode = FALSE
	EndGlobalSection
	GlobalSection(NestedProjects) = preSolution
		{1D904BA9-D13A-4C4B-AD45-6A254AF3FE4B} = {758372BB-17F1-4EFC-A1D7-F421B0AC8C61}
		{CDF94D98-51E1-412D-BC6F-2A2967F2C08C} = {758372BB-17F1-4EFC-A1D7-F421B0AC8C61}
		{2B04F810-6B0B-4EED-8854-71312E3ADB15} = {758372BB-17F1-4EFC-A1D7-F421B0AC8C61}
		{24131113-5343-4D5E-B671-95722328889F} = {758372BB-17F1-4EFC-A1D7-F421B0AC8C61}
		{267FD579-D7BB-437D-9D0B-120EEB4F700B} = {758372BB-17F1-4EFC-A1D7-F421B0AC8C61}
		{FA63EAAD-5E97-4F95-89E3-3D0BF37A7EF8} = {758372BB-17F1-4EFC-A1D7-F421B0AC8C61}
		{3CA24A17-ED75-4056-9162-DDA1B93D0F78} = {758372BB-17F1-4EFC-A1D7-F421B0AC8C61}
		{5677E0BA-107D-4868-97DE-52CA5ED21B2D} = {758372BB-17F1-4EFC-A1D7-F421B0AC8C61}
		{4DBA610C-128B-44BF-8EA8-97D4EE4C84DD} = {758372BB-17F1-4EFC-A1D7-F421B0AC8C61}
		{7E2E03A1-7A21-4AB8-BDB1-5AD7AA24D45A} = {758372BB-17F1-4EFC-A1D7-F421B0AC8C61}
		{919BE861-FA27-481C-922C-285C5F5314F0} = {F4EC96F5-017B-484D-A4F4-CAC7C753F7AD}
		{CC6D1C6B-9768-4632-8A16-FE3A1D053EF0} = {F4EC96F5-017B-484D-A4F4-CAC7C753F7AD}
		{D00F9CB8-10DE-49FA-8CE6-5ACB62871B8F} = {F4EC96F5-017B-484D-A4F4-CAC7C753F7AD}
		{FA7D4BA9-4870-4F1D-B51C-E13CBE79F051} = {F4EC96F5-017B-484D-A4F4-CAC7C753F7AD}
	EndGlobalSection
	GlobalSection(ExtensibilityGlobals) = postSolution
		SolutionGuid = {5F9DD074-D713-4B2B-B328-553FFED0F4AA}
	EndGlobalSection
EndGlobal
